// !$*UTF8*$!
{
	archiveVersion = 1;
	classes = {
	};
	objectVersion = 77;
	objects = {

/* Begin PBXBuildFile section */
		BA64D4ED2CB1FDF30033CDF5 /* RealityKitContent in Frameworks */ = {isa = PBXBuildFile; productRef = BA64D4EC2CB1FDF30033CDF5 /* RealityKitContent */; };
		BA64D50F2CB2001F0033CDF5 /* AppIntentExampleForVisionOSApp.swift in Sources */ = {isa = PBXBuildFile; fileRef = BA64D5072CB2001F0033CDF5 /* AppIntentExampleForVisionOSApp.swift */; };
		BA64D5102CB2001F0033CDF5 /* AppModel.swift in Sources */ = {isa = PBXBuildFile; fileRef = BA64D5082CB2001F0033CDF5 /* AppModel.swift */; };
		BA64D5112CB2001F0033CDF5 /* MenuView.swift in Sources */ = {isa = PBXBuildFile; fileRef = BA64D50A2CB2001F0033CDF5 /* MenuView.swift */; };
		BA64D5122CB2001F0033CDF5 /* ImmersiveView.swift in Sources */ = {isa = PBXBuildFile; fileRef = BA64D50B2CB2001F0033CDF5 /* ImmersiveView.swift */; };
		BA64D5132CB2001F0033CDF5 /* ToggleImmersiveSpaceButton.swift in Sources */ = {isa = PBXBuildFile; fileRef = BA64D50D2CB2001F0033CDF5 /* ToggleImmersiveSpaceButton.swift */; };
		BA64D5142CB2001F0033CDF5 /* Preview Assets.xcassets in Resources */ = {isa = PBXBuildFile; fileRef = BA64D5052CB2001F0033CDF5 /* Preview Assets.xcassets */; };
		BA64D5152CB2001F0033CDF5 /* Assets.xcassets in Resources */ = {isa = PBXBuildFile; fileRef = BA64D5092CB2001F0033CDF5 /* Assets.xcassets */; };
		BA64D51D2CB201060033CDF5 /* Logger.swift in Sources */ = {isa = PBXBuildFile; fileRef = BA64D51C2CB201060033CDF5 /* Logger.swift */; };
		BA64D5212CB21B9C0033CDF5 /* ModelView.swift in Sources */ = {isa = PBXBuildFile; fileRef = BA64D5202CB21B9C0033CDF5 /* ModelView.swift */; };
		BA64D5232CB225CC0033CDF5 /* ContentView.swift in Sources */ = {isa = PBXBuildFile; fileRef = BA64D5222CB225CC0033CDF5 /* ContentView.swift */; };
		BA64D5252CB227350033CDF5 /* ModelContentView.swift in Sources */ = {isa = PBXBuildFile; fileRef = BA64D5242CB227350033CDF5 /* ModelContentView.swift */; };
		BA64D5272CB22D160033CDF5 /* ItemView.swift in Sources */ = {isa = PBXBuildFile; fileRef = BA64D5262CB22D160033CDF5 /* ItemView.swift */; };
		BA64D52A2CB237E20033CDF5 /* ShowModelIntent.swift in Sources */ = {isa = PBXBuildFile; fileRef = BA64D5292CB237E20033CDF5 /* ShowModelIntent.swift */; };
		BA64D52C2CB238CC0033CDF5 /* ModelObject.swift in Sources */ = {isa = PBXBuildFile; fileRef = BA64D52B2CB238CC0033CDF5 /* ModelObject.swift */; };
		BA64D52E2CB23C7D0033CDF5 /* Shortcuts.swift in Sources */ = {isa = PBXBuildFile; fileRef = BA64D52D2CB23C7D0033CDF5 /* Shortcuts.swift */; };
/* End PBXBuildFile section */

/* Begin PBXFileReference section */
		BA64D4E72CB1FDF30033CDF5 /* AppIntentExampleForVisionOS.app */ = {isa = PBXFileReference; explicitFileType = wrapper.application; includeInIndex = 0; path = AppIntentExampleForVisionOS.app; sourceTree = BUILT_PRODUCTS_DIR; };
		BA64D4EB2CB1FDF30033CDF5 /* RealityKitContent */ = {isa = PBXFileReference; lastKnownFileType = wrapper; path = RealityKitContent; sourceTree = "<group>"; };
		BA64D5052CB2001F0033CDF5 /* Preview Assets.xcassets */ = {isa = PBXFileReference; lastKnownFileType = folder.assetcatalog; path = "Preview Assets.xcassets"; sourceTree = "<group>"; };
		BA64D5072CB2001F0033CDF5 /* AppIntentExampleForVisionOSApp.swift */ = {isa = PBXFileReference; lastKnownFileType = sourcecode.swift; path = AppIntentExampleForVisionOSApp.swift; sourceTree = "<group>"; };
		BA64D5082CB2001F0033CDF5 /* AppModel.swift */ = {isa = PBXFileReference; lastKnownFileType = sourcecode.swift; path = AppModel.swift; sourceTree = "<group>"; };
		BA64D5092CB2001F0033CDF5 /* Assets.xcassets */ = {isa = PBXFileReference; lastKnownFileType = folder.assetcatalog; path = Assets.xcassets; sourceTree = "<group>"; };
		BA64D50A2CB2001F0033CDF5 /* MenuView.swift */ = {isa = PBXFileReference; lastKnownFileType = sourcecode.swift; path = MenuView.swift; sourceTree = "<group>"; };
		BA64D50B2CB2001F0033CDF5 /* ImmersiveView.swift */ = {isa = PBXFileReference; lastKnownFileType = sourcecode.swift; path = ImmersiveView.swift; sourceTree = "<group>"; };
		BA64D50C2CB2001F0033CDF5 /* Info.plist */ = {isa = PBXFileReference; lastKnownFileType = text.plist.xml; path = Info.plist; sourceTree = "<group>"; };
		BA64D50D2CB2001F0033CDF5 /* ToggleImmersiveSpaceButton.swift */ = {isa = PBXFileReference; lastKnownFileType = sourcecode.swift; path = ToggleImmersiveSpaceButton.swift; sourceTree = "<group>"; };
		BA64D51C2CB201060033CDF5 /* Logger.swift */ = {isa = PBXFileReference; lastKnownFileType = sourcecode.swift; path = Logger.swift; sourceTree = "<group>"; };
		BA64D51E2CB203370033CDF5 /* README.md */ = {isa = PBXFileReference; lastKnownFileType = net.daringfireball.markdown; path = README.md; sourceTree = "<group>"; };
		BA64D5202CB21B9C0033CDF5 /* ModelView.swift */ = {isa = PBXFileReference; lastKnownFileType = sourcecode.swift; path = ModelView.swift; sourceTree = "<group>"; };
		BA64D5222CB225CC0033CDF5 /* ContentView.swift */ = {isa = PBXFileReference; lastKnownFileType = sourcecode.swift; path = ContentView.swift; sourceTree = "<group>"; };
		BA64D5242CB227350033CDF5 /* ModelContentView.swift */ = {isa = PBXFileReference; lastKnownFileType = sourcecode.swift; path = ModelContentView.swift; sourceTree = "<group>"; };
		BA64D5262CB22D160033CDF5 /* ItemView.swift */ = {isa = PBXFileReference; lastKnownFileType = sourcecode.swift; path = ItemView.swift; sourceTree = "<group>"; };
		BA64D5292CB237E20033CDF5 /* ShowModelIntent.swift */ = {isa = PBXFileReference; lastKnownFileType = sourcecode.swift; path = ShowModelIntent.swift; sourceTree = "<group>"; };
		BA64D52B2CB238CC0033CDF5 /* ModelObject.swift */ = {isa = PBXFileReference; lastKnownFileType = sourcecode.swift; path = ModelObject.swift; sourceTree = "<group>"; };
		BA64D52D2CB23C7D0033CDF5 /* Shortcuts.swift */ = {isa = PBXFileReference; lastKnownFileType = sourcecode.swift; path = Shortcuts.swift; sourceTree = "<group>"; };
/* End PBXFileReference section */

/* Begin PBXFrameworksBuildPhase section */
		BA64D4E42CB1FDF30033CDF5 /* Frameworks */ = {
			isa = PBXFrameworksBuildPhase;
			buildActionMask = 2147483647;
			files = (
				BA64D4ED2CB1FDF30033CDF5 /* RealityKitContent in Frameworks */,
			);
			runOnlyForDeploymentPostprocessing = 0;
		};
/* End PBXFrameworksBuildPhase section */

/* Begin PBXGroup section */
		BA64D4DE2CB1FDF30033CDF5 = {
			isa = PBXGroup;
			children = (
				BA64D51E2CB203370033CDF5 /* README.md */,
				BA64D50E2CB2001F0033CDF5 /* AppIntentExampleForVisionOS */,
				BA64D4EA2CB1FDF30033CDF5 /* Packages */,
				BA64D4E82CB1FDF30033CDF5 /* Products */,
			);
			sourceTree = "<group>";
		};
		BA64D4E82CB1FDF30033CDF5 /* Products */ = {
			isa = PBXGroup;
			children = (
				BA64D4E72CB1FDF30033CDF5 /* AppIntentExampleForVisionOS.app */,
			);
			name = Products;
			sourceTree = "<group>";
		};
		BA64D4EA2CB1FDF30033CDF5 /* Packages */ = {
			isa = PBXGroup;
			children = (
				BA64D4EB2CB1FDF30033CDF5 /* RealityKitContent */,
			);
			path = Packages;
			sourceTree = "<group>";
		};
		BA64D5062CB2001F0033CDF5 /* Preview Content */ = {
			isa = PBXGroup;
			children = (
				BA64D5052CB2001F0033CDF5 /* Preview Assets.xcassets */,
			);
			path = "Preview Content";
			sourceTree = "<group>";
		};
		BA64D50E2CB2001F0033CDF5 /* AppIntentExampleForVisionOS */ = {
			isa = PBXGroup;
			children = (
				BA64D5282CB237C70033CDF5 /* AppIntents */,
				BA64D5172CB200A30033CDF5 /* App */,
				BA64D5182CB200AE0033CDF5 /* AppModel */,
				BA64D5192CB200C10033CDF5 /* Views */,
				BA64D51A2CB200E80033CDF5 /* Utilities */,
				BA64D5092CB2001F0033CDF5 /* Assets.xcassets */,
				BA64D50C2CB2001F0033CDF5 /* Info.plist */,
				BA64D5062CB2001F0033CDF5 /* Preview Content */,
			);
			path = AppIntentExampleForVisionOS;
			sourceTree = "<group>";
		};
		BA64D5172CB200A30033CDF5 /* App */ = {
			isa = PBXGroup;
			children = (
				BA64D5072CB2001F0033CDF5 /* AppIntentExampleForVisionOSApp.swift */,
			);
			path = App;
			sourceTree = "<group>";
		};
		BA64D5182CB200AE0033CDF5 /* AppModel */ = {
			isa = PBXGroup;
			children = (
				BA64D5082CB2001F0033CDF5 /* AppModel.swift */,
			);
			path = AppModel;
			sourceTree = "<group>";
		};
		BA64D5192CB200C10033CDF5 /* Views */ = {
			isa = PBXGroup;
			children = (
				BA64D5222CB225CC0033CDF5 /* ContentView.swift */,
				BA64D50A2CB2001F0033CDF5 /* MenuView.swift */,
				BA64D5262CB22D160033CDF5 /* ItemView.swift */,
				BA64D5242CB227350033CDF5 /* ModelContentView.swift */,
				BA64D5202CB21B9C0033CDF5 /* ModelView.swift */,
				BA64D51F2CB209030033CDF5 /* NotUsed */,
			);
			path = Views;
			sourceTree = "<group>";
		};
		BA64D51A2CB200E80033CDF5 /* Utilities */ = {
			isa = PBXGroup;
			children = (
				BA64D51B2CB200F60033CDF5 /* Logger */,
			);
			path = Utilities;
			sourceTree = "<group>";
		};
		BA64D51B2CB200F60033CDF5 /* Logger */ = {
			isa = PBXGroup;
			children = (
				BA64D51C2CB201060033CDF5 /* Logger.swift */,
			);
			path = Logger;
			sourceTree = "<group>";
		};
		BA64D51F2CB209030033CDF5 /* NotUsed */ = {
			isa = PBXGroup;
			children = (
				BA64D50D2CB2001F0033CDF5 /* ToggleImmersiveSpaceButton.swift */,
				BA64D50B2CB2001F0033CDF5 /* ImmersiveView.swift */,
			);
			path = NotUsed;
			sourceTree = "<group>";
		};
		BA64D5282CB237C70033CDF5 /* AppIntents */ = {
			isa = PBXGroup;
			children = (
				BA64D5292CB237E20033CDF5 /* ShowModelIntent.swift */,
				BA64D52B2CB238CC0033CDF5 /* ModelObject.swift */,
				BA64D52D2CB23C7D0033CDF5 /* Shortcuts.swift */,
			);
			path = AppIntents;
			sourceTree = "<group>";
		};
/* End PBXGroup section */

/* Begin PBXNativeTarget section */
		BA64D4E62CB1FDF30033CDF5 /* AppIntentExampleForVisionOS */ = {
			isa = PBXNativeTarget;
			buildConfigurationList = BA64D4FF2CB1FDF50033CDF5 /* Build configuration list for PBXNativeTarget "AppIntentExampleForVisionOS" */;
			buildPhases = (
				BA64D4E32CB1FDF30033CDF5 /* Sources */,
				BA64D4E42CB1FDF30033CDF5 /* Frameworks */,
				BA64D4E52CB1FDF30033CDF5 /* Resources */,
				BA64D5042CB1FF750033CDF5 /* ShellScript */,
			);
			buildRules = (
			);
			dependencies = (
			);
			name = AppIntentExampleForVisionOS;
			packageProductDependencies = (
				BA64D4EC2CB1FDF30033CDF5 /* RealityKitContent */,
			);
			productName = AppIntentExampleForVisionOS;
			productReference = BA64D4E72CB1FDF30033CDF5 /* AppIntentExampleForVisionOS.app */;
			productType = "com.apple.product-type.application";
		};
/* End PBXNativeTarget section */

/* Begin PBXProject section */
		BA64D4DF2CB1FDF30033CDF5 /* Project object */ = {
			isa = PBXProject;
			attributes = {
				BuildIndependentTargetsInParallel = 1;
				LastSwiftUpdateCheck = 1610;
				LastUpgradeCheck = 1610;
				TargetAttributes = {
					BA64D4E62CB1FDF30033CDF5 = {
						CreatedOnToolsVersion = 16.1;
					};
				};
			};
			buildConfigurationList = BA64D4E22CB1FDF30033CDF5 /* Build configuration list for PBXProject "AppIntentExampleForVisionOS" */;
			developmentRegion = en;
			hasScannedForEncodings = 0;
			knownRegions = (
				en,
				Base,
			);
			mainGroup = BA64D4DE2CB1FDF30033CDF5;
			minimizedProjectReferenceProxies = 1;
			preferredProjectObjectVersion = 77;
			productRefGroup = BA64D4E82CB1FDF30033CDF5 /* Products */;
			projectDirPath = "";
			projectRoot = "";
			targets = (
				BA64D4E62CB1FDF30033CDF5 /* AppIntentExampleForVisionOS */,
			);
		};
/* End PBXProject section */

/* Begin PBXResourcesBuildPhase section */
		BA64D4E52CB1FDF30033CDF5 /* Resources */ = {
			isa = PBXResourcesBuildPhase;
			buildActionMask = 2147483647;
			files = (
				BA64D5142CB2001F0033CDF5 /* Preview Assets.xcassets in Resources */,
				BA64D5152CB2001F0033CDF5 /* Assets.xcassets in Resources */,
			);
			runOnlyForDeploymentPostprocessing = 0;
		};
/* End PBXResourcesBuildPhase section */

/* Begin PBXShellScriptBuildPhase section */
		BA64D5042CB1FF750033CDF5 /* ShellScript */ = {
			isa = PBXShellScriptBuildPhase;
			alwaysOutOfDate = 1;
			buildActionMask = 2147483647;
			files = (
			);
			inputFileListPaths = (
			);
			inputPaths = (
			);
			outputFileListPaths = (
			);
			outputPaths = (
			);
			runOnlyForDeploymentPostprocessing = 0;
			shellPath = /bin/sh;
			shellScript = "# Adds support for Apple Silicon brew directory\nexport PATH=\"$PATH:/opt/homebrew/bin\"\n\nif which swiftlint >/dev/null; then\n  swiftlint\nelse\n  echo \"warning: SwiftLint not installed.\"\nfi\n";
		};
/* End PBXShellScriptBuildPhase section */

/* Begin PBXSourcesBuildPhase section */
		BA64D4E32CB1FDF30033CDF5 /* Sources */ = {
			isa = PBXSourcesBuildPhase;
			buildActionMask = 2147483647;
			files = (
				BA64D50F2CB2001F0033CDF5 /* AppIntentExampleForVisionOSApp.swift in Sources */,
				BA64D51D2CB201060033CDF5 /* Logger.swift in Sources */,
				BA64D5252CB227350033CDF5 /* ModelContentView.swift in Sources */,
				BA64D52E2CB23C7D0033CDF5 /* Shortcuts.swift in Sources */,
				BA64D52A2CB237E20033CDF5 /* ShowModelIntent.swift in Sources */,
				BA64D52C2CB238CC0033CDF5 /* ModelObject.swift in Sources */,
				BA64D5272CB22D160033CDF5 /* ItemView.swift in Sources */,
				BA64D5232CB225CC0033CDF5 /* ContentView.swift in Sources */,
				BA64D5102CB2001F0033CDF5 /* AppModel.swift in Sources */,
				BA64D5112CB2001F0033CDF5 /* MenuView.swift in Sources */,
				BA64D5122CB2001F0033CDF5 /* ImmersiveView.swift in Sources */,
				BA64D5212CB21B9C0033CDF5 /* ModelView.swift in Sources */,
				BA64D5132CB2001F0033CDF5 /* ToggleImmersiveSpaceButton.swift in Sources */,
			);
			runOnlyForDeploymentPostprocessing = 0;
		};
/* End PBXSourcesBuildPhase section */

/* Begin XCBuildConfiguration section */
		BA64D5002CB1FDF50033CDF5 /* Debug */ = {
			isa = XCBuildConfiguration;
			buildSettings = {
				ASSETCATALOG_COMPILER_APPICON_NAME = AppIcon;
				ASSETCATALOG_COMPILER_GLOBAL_ACCENT_COLOR_NAME = AccentColor;
				CODE_SIGN_STYLE = Automatic;
				CURRENT_PROJECT_VERSION = 1;
				DEVELOPMENT_ASSET_PATHS = "\"AppIntentExampleForVisionOS/Preview Content\"";
				DEVELOPMENT_TEAM = J5CY9Q9UP5;
				ENABLE_PREVIEWS = YES;
				ENABLE_USER_SCRIPT_SANDBOXING = NO;
				GENERATE_INFOPLIST_FILE = YES;
				INFOPLIST_FILE = "$(TARGET_NAME)/Info.plist";
				INFOPLIST_KEY_CFBundleDisplayName = "AppIntent Example for visionOS";
				LD_RUNPATH_SEARCH_PATHS = (
					"$(inherited)",
					"@executable_path/Frameworks",
				);
				MARKETING_VERSION = 1.0;
				PRODUCT_BUNDLE_IDENTIFIER = com.atarayosd.AppIntentExampleForVisionOS;
				PRODUCT_NAME = "$(TARGET_NAME)";
				SUPPORTED_PLATFORMS = "xros xrsimulator";
				SWIFT_EMIT_LOC_STRINGS = YES;
				SWIFT_STRICT_CONCURRENCY = complete;
				SWIFT_VERSION = 6.0;
				TARGETED_DEVICE_FAMILY = 7;
			};
			name = Debug;
		};
		BA64D5012CB1FDF50033CDF5 /* Release */ = {
			isa = XCBuildConfiguration;
			buildSettings = {
				ASSETCATALOG_COMPILER_APPICON_NAME = AppIcon;
				ASSETCATALOG_COMPILER_GLOBAL_ACCENT_COLOR_NAME = AccentColor;
				CODE_SIGN_STYLE = Automatic;
				CURRENT_PROJECT_VERSION = 1;
				DEVELOPMENT_ASSET_PATHS = "\"AppIntentExampleForVisionOS/Preview Content\"";
				DEVELOPMENT_TEAM = J5CY9Q9UP5;
				ENABLE_PREVIEWS = YES;
				ENABLE_USER_SCRIPT_SANDBOXING = NO;
				GENERATE_INFOPLIST_FILE = YES;
				INFOPLIST_FILE = "$(TARGET_NAME)/Info.plist";
				INFOPLIST_KEY_CFBundleDisplayName = "AppIntent Example for visionOS";
				LD_RUNPATH_SEARCH_PATHS = (
					"$(inherited)",
					"@executable_path/Frameworks",
				);
				MARKETING_VERSION = 1.0;
				PRODUCT_BUNDLE_IDENTIFIER = com.atarayosd.AppIntentExampleForVisionOS;
				PRODUCT_NAME = "$(TARGET_NAME)";
				SUPPORTED_PLATFORMS = "xros xrsimulator";
				SWIFT_EMIT_LOC_STRINGS = YES;
				SWIFT_STRICT_CONCURRENCY = complete;
				SWIFT_VERSION = 6.0;
				TARGETED_DEVICE_FAMILY = 7;
			};
			name = Release;
		};
		BA64D5022CB1FDF50033CDF5 /* Debug */ = {
			isa = XCBuildConfiguration;
			buildSettings = {
				ALWAYS_SEARCH_USER_PATHS = NO;
				ASSETCATALOG_COMPILER_GENERATE_SWIFT_ASSET_SYMBOL_EXTENSIONS = YES;
				CLANG_ANALYZER_NONNULL = YES;
				CLANG_ANALYZER_NUMBER_OBJECT_CONVERSION = YES_AGGRESSIVE;
				CLANG_CXX_LANGUAGE_STANDARD = "gnu++20";
				CLANG_ENABLE_MODULES = YES;
				CLANG_ENABLE_OBJC_ARC = YES;
				CLANG_ENABLE_OBJC_WEAK = YES;
				CLANG_WARN_BLOCK_CAPTURE_AUTORELEASING = YES;
				CLANG_WARN_BOOL_CONVERSION = YES;
				CLANG_WARN_COMMA = YES;
				CLANG_WARN_CONSTANT_CONVERSION = YES;
				CLANG_WARN_DEPRECATED_OBJC_IMPLEMENTATIONS = YES;
				CLANG_WARN_DIRECT_OBJC_ISA_USAGE = YES_ERROR;
				CLANG_WARN_DOCUMENTATION_COMMENTS = YES;
				CLANG_WARN_EMPTY_BODY = YES;
				CLANG_WARN_ENUM_CONVERSION = YES;
				CLANG_WARN_INFINITE_RECURSION = YES;
				CLANG_WARN_INT_CONVERSION = YES;
				CLANG_WARN_NON_LITERAL_NULL_CONVERSION = YES;
				CLANG_WARN_OBJC_IMPLICIT_RETAIN_SELF = YES;
				CLANG_WARN_OBJC_LITERAL_CONVERSION = YES;
				CLANG_WARN_OBJC_ROOT_CLASS = YES_ERROR;
				CLANG_WARN_QUOTED_INCLUDE_IN_FRAMEWORK_HEADER = YES;
				CLANG_WARN_RANGE_LOOP_ANALYSIS = YES;
				CLANG_WARN_STRICT_PROTOTYPES = YES;
				CLANG_WARN_SUSPICIOUS_MOVE = YES;
				CLANG_WARN_UNGUARDED_AVAILABILITY = YES_AGGRESSIVE;
				CLANG_WARN_UNREACHABLE_CODE = YES;
				CLANG_WARN__DUPLICATE_METHOD_MATCH = YES;
				COPY_PHASE_STRIP = NO;
				DEBUG_INFORMATION_FORMAT = dwarf;
				ENABLE_STRICT_OBJC_MSGSEND = YES;
				ENABLE_TESTABILITY = YES;
				ENABLE_USER_SCRIPT_SANDBOXING = YES;
				GCC_C_LANGUAGE_STANDARD = gnu17;
				GCC_DYNAMIC_NO_PIC = NO;
				GCC_NO_COMMON_BLOCKS = YES;
				GCC_OPTIMIZATION_LEVEL = 0;
				GCC_PREPROCESSOR_DEFINITIONS = (
					"DEBUG=1",
					"$(inherited)",
				);
				GCC_WARN_64_TO_32_BIT_CONVERSION = YES;
				GCC_WARN_ABOUT_RETURN_TYPE = YES_ERROR;
				GCC_WARN_UNDECLARED_SELECTOR = YES;
				GCC_WARN_UNINITIALIZED_AUTOS = YES_AGGRESSIVE;
				GCC_WARN_UNUSED_FUNCTION = YES;
				GCC_WARN_UNUSED_VARIABLE = YES;
				LOCALIZATION_PREFERS_STRING_CATALOGS = YES;
				MTL_ENABLE_DEBUG_INFO = INCLUDE_SOURCE;
				MTL_FAST_MATH = YES;
				ONLY_ACTIVE_ARCH = YES;
				SDKROOT = xros;
				SWIFT_ACTIVE_COMPILATION_CONDITIONS = "DEBUG $(inherited)";
				SWIFT_OPTIMIZATION_LEVEL = "-Onone";
				XROS_DEPLOYMENT_TARGET = 2.1;
			};
			name = Debug;
		};
		BA64D5032CB1FDF50033CDF5 /* Release */ = {
			isa = XCBuildConfiguration;
			buildSettings = {
				ALWAYS_SEARCH_USER_PATHS = NO;
				ASSETCATALOG_COMPILER_GENERATE_SWIFT_ASSET_SYMBOL_EXTENSIONS = YES;
				CLANG_ANALYZER_NONNULL = YES;
				CLANG_ANALYZER_NUMBER_OBJECT_CONVERSION = YES_AGGRESSIVE;
				CLANG_CXX_LANGUAGE_STANDARD = "gnu++20";
				CLANG_ENABLE_MODULES = YES;
				CLANG_ENABLE_OBJC_ARC = YES;
				CLANG_ENABLE_OBJC_WEAK = YES;
				CLANG_WARN_BLOCK_CAPTURE_AUTORELEASING = YES;
				CLANG_WARN_BOOL_CONVERSION = YES;
				CLANG_WARN_COMMA = YES;
				CLANG_WARN_CONSTANT_CONVERSION = YES;
				CLANG_WARN_DEPRECATED_OBJC_IMPLEMENTATIONS = YES;
				CLANG_WARN_DIRECT_OBJC_ISA_USAGE = YES_ERROR;
				CLANG_WARN_DOCUMENTATION_COMMENTS = YES;
				CLANG_WARN_EMPTY_BODY = YES;
				CLANG_WARN_ENUM_CONVERSION = YES;
				CLANG_WARN_INFINITE_RECURSION = YES;
				CLANG_WARN_INT_CONVERSION = YES;
				CLANG_WARN_NON_LITERAL_NULL_CONVERSION = YES;
				CLANG_WARN_OBJC_IMPLICIT_RETAIN_SELF = YES;
				CLANG_WARN_OBJC_LITERAL_CONVERSION = YES;
				CLANG_WARN_OBJC_ROOT_CLASS = YES_ERROR;
				CLANG_WARN_QUOTED_INCLUDE_IN_FRAMEWORK_HEADER = YES;
				CLANG_WARN_RANGE_LOOP_ANALYSIS = YES;
				CLANG_WARN_STRICT_PROTOTYPES = YES;
				CLANG_WARN_SUSPICIOUS_MOVE = YES;
				CLANG_WARN_UNGUARDED_AVAILABILITY = YES_AGGRESSIVE;
				CLANG_WARN_UNREACHABLE_CODE = YES;
				CLANG_WARN__DUPLICATE_METHOD_MATCH = YES;
				COPY_PHASE_STRIP = NO;
				DEBUG_INFORMATION_FORMAT = "dwarf-with-dsym";
				ENABLE_NS_ASSERTIONS = NO;
				ENABLE_STRICT_OBJC_MSGSEND = YES;
				ENABLE_USER_SCRIPT_SANDBOXING = YES;
				GCC_C_LANGUAGE_STANDARD = gnu17;
				GCC_NO_COMMON_BLOCKS = YES;
				GCC_WARN_64_TO_32_BIT_CONVERSION = YES;
				GCC_WARN_ABOUT_RETURN_TYPE = YES_ERROR;
				GCC_WARN_UNDECLARED_SELECTOR = YES;
				GCC_WARN_UNINITIALIZED_AUTOS = YES_AGGRESSIVE;
				GCC_WARN_UNUSED_FUNCTION = YES;
				GCC_WARN_UNUSED_VARIABLE = YES;
				LOCALIZATION_PREFERS_STRING_CATALOGS = YES;
				MTL_ENABLE_DEBUG_INFO = NO;
				MTL_FAST_MATH = YES;
				SDKROOT = xros;
				SWIFT_COMPILATION_MODE = wholemodule;
				VALIDATE_PRODUCT = YES;
				XROS_DEPLOYMENT_TARGET = 2.1;
			};
			name = Release;
		};
/* End XCBuildConfiguration section */

/* Begin XCConfigurationList section */
		BA64D4E22CB1FDF30033CDF5 /* Build configuration list for PBXProject "AppIntentExampleForVisionOS" */ = {
			isa = XCConfigurationList;
			buildConfigurations = (
				BA64D5022CB1FDF50033CDF5 /* Debug */,
				BA64D5032CB1FDF50033CDF5 /* Release */,
			);
			defaultConfigurationIsVisible = 0;
			defaultConfigurationName = Release;
		};
		BA64D4FF2CB1FDF50033CDF5 /* Build configuration list for PBXNativeTarget "AppIntentExampleForVisionOS" */ = {
			isa = XCConfigurationList;
			buildConfigurations = (
				BA64D5002CB1FDF50033CDF5 /* Debug */,
				BA64D5012CB1FDF50033CDF5 /* Release */,
			);
			defaultConfigurationIsVisible = 0;
			defaultConfigurationName = Release;
		};
/* End XCConfigurationList section */

/* Begin XCSwiftPackageProductDependency section */
		BA64D4EC2CB1FDF30033CDF5 /* RealityKitContent */ = {
			isa = XCSwiftPackageProductDependency;
			productName = RealityKitContent;
		};
/* End XCSwiftPackageProductDependency section */
	};
	rootObject = BA64D4DF2CB1FDF30033CDF5 /* Project object */;
}
